
Microsoft Visual Studio Solution File, Format Version 12.00
# Visual Studio Version 17
VisualStudioVersion = 17.0.32014.148
MinimumVisualStudioVersion = 10.0.40219.1
Project("{FAE04EC0-301F-11D3-BF4B-00C04F79EFBC}") = "ConsoleChessCSharp", "ConsoleChessCSharp\ConsoleChessCSharp.csproj", "{016E98F1-51D8-4595-A477-5546487C606F}"
EndProject
Global
	GlobalSection(SolutionConfigurationPlatforms) = preSolution
		Debug|Any CPU = Debug|Any CPU
		Release|Any CPU = Release|Any CPU
	EndGlobalSection
	GlobalSection(ProjectConfigurationPlatforms) = postSolution
		{016E98F1-51D8-4595-A477-5546487C606F}.Debug|Any CPU.ActiveCfg = Debug|Any CPU
		{016E98F1-51D8-4595-A477-5546487C606F}.Debug|Any CPU.Build.0 = Debug|Any CPU
		{016E98F1-51D8-4595-A477-5546487C606F}.Release|Any CPU.ActiveCfg = Release|Any CPU
		{016E98F1-51D8-4595-A477-5546487C606F}.Release|Any CPU.Build.0 = Release|Any CPU
	EndGlobalSection
	GlobalSection(SolutionProperties) = preSolution
		HideSolutionNode = FALSE
	EndGlobalSection
	GlobalSection(ExtensibilityGlobals) = postSolution
		SolutionGuid = {37B91FA1-A227-4FD9-B668-7AB8ED640244}
	EndGlobalSection
EndGlobal
